
Microsoft Visual Studio Solution File, Format Version 12.00
# Visual Studio 14
VisualStudioVersion = 14.0.25123.0
MinimumVisualStudioVersion = 10.0.40219.1
Project("{FAE04EC0-301F-11D3-BF4B-00C04F79EFBC}") = "Zhuang.AutoCode", "Zhuang.AutoCode\Zhuang.AutoCode.csproj", "{0303E979-90BC-4226-BA91-51FA459BB5B7}"
EndProject
Project("{FAE04EC0-301F-11D3-BF4B-00C04F79EFBC}") = "Zhuang.AutoCode.Test", "Zhuang.AutoCode.Test\Zhuang.AutoCode.Test.csproj", "{B239CF6A-260E-458C-AE9A-B8172D0E8846}"
EndProject
Global
	GlobalSection(SolutionConfigurationPlatforms) = preSolution
		Debug|Any CPU = Debug|Any CPU
		Release|Any CPU = Release|Any CPU
	EndGlobalSection
	GlobalSection(ProjectConfigurationPlatforms) = postSolution
		{0303E979-90BC-4226-BA91-51FA459BB5B7}.Debug|Any CPU.ActiveCfg = Debug|Any CPU
		{0303E979-90BC-4226-BA91-51FA459BB5B7}.Debug|Any CPU.Build.0 = Debug|Any CPU
		{0303E979-90BC-4226-BA91-51FA459BB5B7}.Release|Any CPU.ActiveCfg = Release|Any CPU
		{0303E979-90BC-4226-BA91-51FA459BB5B7}.Release|Any CPU.Build.0 = Release|Any CPU
		{B239CF6A-260E-458C-AE9A-B8172D0E8846}.Debug|Any CPU.ActiveCfg = Debug|Any CPU
		{B239CF6A-260E-458C-AE9A-B8172D0E8846}.Debug|Any CPU.Build.0 = Debug|Any CPU
		{B239CF6A-260E-458C-AE9A-B8172D0E8846}.Release|Any CPU.ActiveCfg = Release|Any CPU
		{B239CF6A-260E-458C-AE9A-B8172D0E8846}.Release|Any CPU.Build.0 = Release|Any CPU
	EndGlobalSection
	GlobalSection(SolutionProperties) = preSolution
		HideSolutionNode = FALSE
	EndGlobalSection
EndGlobal
